version = 1
revision = 2
requires-python = ">=3.12"

[[package]]
name = "arrow"
version = "1.2.3"
source = { registry = "https://pypi.org/simple" }
dependencies = [
    { name = "python-dateutil" },
]
sdist = { url = "https://files.pythonhosted.org/packages/7f/c0/c601ea7811f422700ef809f167683899cdfddec5aa3f83597edf97349962/arrow-1.2.3.tar.gz", hash = "sha256:3934b30ca1b9f292376d9db15b19446088d12ec58629bc3f0da28fd55fb633a1", size = 127552, upload-time = "2022-09-03T19:35:32.65Z" }
wheels = [
    { url = "https://files.pythonhosted.org/packages/67/67/4bca5a595e2f89bff271724ddb1098e6c9e16f7f3d018d120255e3c30313/arrow-1.2.3-py3-none-any.whl", hash = "sha256:5a49ab92e3b7b71d96cd6bfcc4df14efefc9dfa96ea19045815914a6ab6b1fe2", size = 66391, upload-time = "2022-09-03T19:35:29.66Z" },
]

[[package]]
name = "asgiref"
version = "3.6.0"
source = { registry = "https://pypi.org/simple" }
sdist = { url = "https://files.pythonhosted.org/packages/78/2d/797c0537426266d6c9377a2ed6a4ac61e50c2d5b1ab4da101a4b9bfe26e2/asgiref-3.6.0.tar.gz", hash = "sha256:9567dfe7bd8d3c8c892227827c41cce860b368104c3431da67a0c5a65a949506", size = 32748, upload-time = "2022-12-20T09:06:51.58Z" }
wheels = [
    { url = "https://files.pythonhosted.org/packages/8f/29/38d10a47b322a77b2d12c2b79c789f52956f733cb701d4d5157c76b5f238/asgiref-3.6.0-py3-none-any.whl", hash = "sha256:71e68008da809b957b7ee4b43dbccff33d1b23519fb8344e33f049897077afac", size = 23105, upload-time = "2022-12-20T09:06:49.899Z" },
]

[[package]]
name = "binaryornot"
version = "0.4.4"
source = { registry = "https://pypi.org/simple" }
dependencies = [
    { name = "chardet" },
]
sdist = { url = "https://files.pythonhosted.org/packages/a7/fe/7ebfec74d49f97fc55cd38240c7a7d08134002b1e14be8c3897c0dd5e49b/binaryornot-0.4.4.tar.gz", hash = "sha256:359501dfc9d40632edc9fac890e19542db1a287bbcfa58175b66658392018061", size = 371054, upload-time = "2017-08-03T15:55:25.08Z" }
wheels = [
    { url = "https://files.pythonhosted.org/packages/24/7e/f7b6f453e6481d1e233540262ccbfcf89adcd43606f44a028d7f5fae5eb2/binaryornot-0.4.4-py2.py3-none-any.whl", hash = "sha256:b8b71173c917bddcd2c16070412e369c3ed7f0528926f70cac18a6c97fd563e4", size = 9006, upload-time = "2017-08-03T15:55:31.23Z" },
]

[[package]]
name = "certifi"
version = "2022.12.7"
source = { registry = "https://pypi.org/simple" }
sdist = { url = "https://files.pythonhosted.org/packages/37/f7/2b1b0ec44fdc30a3d31dfebe52226be9ddc40cd6c0f34ffc8923ba423b69/certifi-2022.12.7.tar.gz", hash = "sha256:35824b4c3a97115964b408844d64aa14db1cc518f6562e8d7261699d1350a9e3", size = 156897, upload-time = "2022-12-07T20:13:22.081Z" }
wheels = [
    { url = "https://files.pythonhosted.org/packages/71/4c/3db2b8021bd6f2f0ceb0e088d6b2d49147671f25832fb17970e9b583d742/certifi-2022.12.7-py3-none-any.whl", hash = "sha256:4ad3232f5e926d6718ec31cfc1fcadfde020920e278684144551c91769c7bc18", size = 155255, upload-time = "2022-12-07T20:13:19.428Z" },
]

[[package]]
name = "chardet"
version = "5.1.0"
source = { registry = "https://pypi.org/simple" }
sdist = { url = "https://files.pythonhosted.org/packages/41/32/cdc91dcf83849c7385bf8e2a5693d87376536ed000807fa07f5eab33430d/chardet-5.1.0.tar.gz", hash = "sha256:0d62712b956bc154f85fb0a266e2a3c5913c2967e00348701b32411d6def31e5", size = 2069617, upload-time = "2022-12-01T22:34:18.086Z" }
wheels = [
    { url = "https://files.pythonhosted.org/packages/74/8f/8fc49109009e8d2169d94d72e6b1f4cd45c13d147ba7d6170fb41f22b08f/chardet-5.1.0-py3-none-any.whl", hash = "sha256:362777fb014af596ad31334fde1e8c327dfdb076e1960d1694662d46a6917ab9", size = 199124, upload-time = "2022-12-01T22:34:14.609Z" },
]

[[package]]
name = "charset-normalizer"
version = "3.0.1"
source = { registry = "https://pypi.org/simple" }
sdist = { url = "https://files.pythonhosted.org/packages/96/d7/1675d9089a1f4677df5eb29c3f8b064aa1e70c1251a0a8a127803158942d/charset-normalizer-3.0.1.tar.gz", hash = "sha256:ebea339af930f8ca5d7a699b921106c6e29c617fe9606fa7baa043c1cdae326f", size = 92842, upload-time = "2022-11-18T08:18:31.097Z" }
wheels = [
    { url = "https://files.pythonhosted.org/packages/68/2b/02e9d6a98ddb73fa238d559a9edcc30b247b8dc4ee848b6184c936e99dc0/charset_normalizer-3.0.1-py3-none-any.whl", hash = "sha256:7e189e2e1d3ed2f4aebabd2d5b0f931e883676e51c7624826e0a4e5fe8a0bf24", size = 45489, upload-time = "2022-11-18T08:18:29.97Z" },
]

[[package]]
name = "click"
version = "8.1.3"
source = { registry = "https://pypi.org/simple" }
dependencies = [
    { name = "colorama", marker = "sys_platform == 'win32'" },
]
sdist = { url = "https://files.pythonhosted.org/packages/59/87/84326af34517fca8c58418d148f2403df25303e02736832403587318e9e8/click-8.1.3.tar.gz", hash = "sha256:7682dc8afb30297001674575ea00d1814d808d6a36af415a82bd481d37ba7b8e", size = 331147, upload-time = "2022-04-28T17:36:09.097Z" }
wheels = [
    { url = "https://files.pythonhosted.org/packages/c2/f1/df59e28c642d583f7dacffb1e0965d0e00b218e0186d7858ac5233dce840/click-8.1.3-py3-none-any.whl", hash = "sha256:bb4d8133cb15a609f44e8213d9b391b0809795062913b383c62be0ee95b1db48", size = 96588, upload-time = "2022-04-28T17:36:06.952Z" },
]

[[package]]
name = "colorama"
version = "0.4.6"
source = { registry = "https://pypi.org/simple" }
sdist = { url = "https://files.pythonhosted.org/packages/d8/53/6f443c9a4a8358a93a6792e2acffb9d9d5cb0a5cfd8802644b7b1c9a02e4/colorama-0.4.6.tar.gz", hash = "sha256:08695f5cb7ed6e0531a20572697297273c47b8cae5a63ffc6d6ed5c201be6e44", size = 27697, upload-time = "2022-10-25T02:36:22.414Z" }
wheels = [
    { url = "https://files.pythonhosted.org/packages/d1/d6/3965ed04c63042e047cb6a3e6ed1a63a35087b6a609aa3a15ed8ac56c221/colorama-0.4.6-py2.py3-none-any.whl", hash = "sha256:4f1d9991f5acc0ca119f9d443620b77f9d6b33703e51011c16baf57afb285fc6", size = 25335, upload-time = "2022-10-25T02:36:20.889Z" },
]

[[package]]
name = "cookiecutter"
version = "2.1.1"
source = { registry = "https://pypi.org/simple" }
dependencies = [
    { name = "binaryornot" },
    { name = "click" },
    { name = "jinja2" },
    { name = "jinja2-time" },
    { name = "python-slugify" },
    { name = "pyyaml" },
    { name = "requests" },
]
sdist = { url = "https://files.pythonhosted.org/packages/96/43/65a3dad94dceaaaa12807ce4d4eff1064db6e91a8c6fb6945e3e61e63552/cookiecutter-2.1.1.tar.gz", hash = "sha256:f3982be8d9c53dac1261864013fdec7f83afd2e42ede6f6dd069c5e149c540d5", size = 146973, upload-time = "2022-06-01T17:01:19.376Z" }
wheels = [
    { url = "https://files.pythonhosted.org/packages/64/4f/66a92457a729104db896321135e05b0cf94a9034fd5345f30d4d8386b957/cookiecutter-2.1.1-py2.py3-none-any.whl", hash = "sha256:9f3ab027cec4f70916e28f03470bdb41e637a3ad354b4d65c765d93aad160022", size = 36928, upload-time = "2022-06-01T17:01:17.928Z" },
]

[[package]]
name = "django"
version = "4.1.4"
source = { registry = "https://pypi.org/simple" }
dependencies = [
    { name = "asgiref" },
    { name = "sqlparse" },
    { name = "tzdata", marker = "sys_platform == 'win32'" },
]
sdist = { url = "https://files.pythonhosted.org/packages/de/7d/ca5d224f7d345b0defd0a57c6deb0c6115fbe5304e4d9571f728b617f1a3/Django-4.1.4.tar.gz", hash = "sha256:d38a4e108d2386cb9637da66a82dc8d0733caede4c83c4afdbda78af4214211b", size = 10517427, upload-time = "2022-12-06T09:16:52.386Z" }
wheels = [
    { url = "https://files.pythonhosted.org/packages/21/26/28895838228c46ece278d764720995d5a51e4bce7d02d2a54e70f59108e1/Django-4.1.4-py3-none-any.whl", hash = "sha256:0b223bfa55511f950ff741983d408d78d772351284c75e9f77d2b830b6b4d148", size = 8094989, upload-time = "2022-12-06T09:16:48.876Z" },
]

[[package]]
name = "django-ai-blog"
version = "1.0"
source = { virtual = "." }
dependencies = [
    { name = "arrow" },
    { name = "asgiref" },
    { name = "binaryornot" },
    { name = "certifi" },
    { name = "chardet" },
    { name = "charset-normalizer" },
    { name = "click" },
    { name = "colorama" },
    { name = "cookiecutter" },
    { name = "django" },
    { name = "django-browser-reload" },
    { name = "django-ckeditor" },
    { name = "django-js-asset" },
    { name = "django-tailwind" },
    { name = "django-tinymce" },
    { name = "gunicorn" },
    { name = "idna" },
    { name = "jinja2" },
    { name = "jinja2-time" },
    { name = "markupsafe" },
    { name = "pillow" },
    { name = "psycopg2" },
    { name = "python-dateutil" },
    { name = "python-slugify" },
    { name = "pyyaml" },
    { name = "requests" },
    { name = "setuptools" },
    { name = "six" },
    { name = "sqlparse" },
    { name = "text-unidecode" },
    { name = "tzdata" },
    { name = "urllib3" },
    { name = "wheel" },
    { name = "whitenoise" },
]

[package.metadata]
requires-dist = [
    { name = "arrow", specifier = "==1.2.3" },
    { name = "asgiref", specifier = "==3.6.0" },
    { name = "binaryornot", specifier = "==0.4.4" },
    { name = "certifi", specifier = "==2022.12.7" },
    { name = "chardet", specifier = "==5.1.0" },
    { name = "charset-normalizer", specifier = "==3.0.1" },
    { name = "click", specifier = "==8.1.3" },
    { name = "colorama", specifier = "==0.4.6" },
    { name = "cookiecutter", specifier = "==2.1.1" },
    { name = "django", specifier = "==4.1.4" },
    { name = "django-browser-reload", specifier = "==1.6.0" },
    { name = "django-ckeditor", specifier = "==6.5.1" },
    { name = "django-js-asset", specifier = "==2.0.0" },
    { name = "django-tailwind", specifier = "==3.4.0" },
    { name = "django-tinymce", specifier = "==3.5.0" },
    { name = "gunicorn", specifier = "==20.1.0" },
    { name = "idna", specifier = "==3.4" },
    { name = "jinja2", specifier = "==3.1.2" },
    { name = "jinja2-time", specifier = "==0.2.0" },
    { name = "markupsafe", specifier = "==2.1.1" },
    { name = "pillow", specifier = "==9.4.0" },
    { name = "psycopg2", specifier = "==2.9.5" },
    { name = "python-dateutil", specifier = "==2.8.2" },
    { name = "python-slugify", specifier = "==7.0.0" },
    { name = "pyyaml", specifier = "==6.0.2" },
    { name = "requests", specifier = "==2.28.2" },
    { name = "setuptools", specifier = "==80.4.0" },
    { name = "six", specifier = "==1.16.0" },
    { name = "sqlparse", specifier = "==0.4.3" },
    { name = "text-unidecode", specifier = "==1.3" },
    { name = "tzdata", specifier = "==2022.7" },
    { name = "urllib3", specifier = "==1.26.14" },
    { name = "wheel", specifier = "==0.45.1" },
    { name = "whitenoise", specifier = "==6.3.0" },
]

[[package]]
name = "django-browser-reload"
version = "1.6.0"
source = { registry = "https://pypi.org/simple" }
dependencies = [
    { name = "django" },
]
sdist = { url = "https://files.pythonhosted.org/packages/48/91/16d5004e4944d8d8b3a5baed505518a60346fbb5a39b82fcd4eaf21fd8e9/django-browser-reload-1.6.0.tar.gz", hash = "sha256:9ca69c71796f53868bdc7421f120d147f7a64faa0d5d8c06970ba3f8061af63c", size = 14019, upload-time = "2022-06-05T15:24:12.428Z" }
wheels = [
    { url = "https://files.pythonhosted.org/packages/7d/29/445d9b2a4a512d4f83ba8ad3274f73c8d31e1b2c1df27021a33f8274febe/django_browser_reload-1.6.0-py3-none-any.whl", hash = "sha256:31b8b2d51e8faa5878f21e6b60b8f43e1123907c6e082e9e967962ba63958829", size = 11937, upload-time = "2022-06-05T15:24:10.546Z" },
]

[[package]]
name = "django-ckeditor"
version = "6.5.1"
source = { registry = "https://pypi.org/simple" }
dependencies = [
    { name = "django" },
    { name = "django-js-asset" },
]
sdist = { url = "https://files.pythonhosted.org/packages/5e/7d/8d9c6f729728bb52a693725805647a15e6ab5d091755cbe4d9a808c2da74/django-ckeditor-6.5.1.tar.gz", hash = "sha256:57cd8fb7cd150adca354cd4e5c35a743fadaab7073f957d2b7167f0d9fe1fcaf", size = 1720135, upload-time = "2022-09-07T08:44:43.589Z" }
wheels = [
    { url = "https://files.pythonhosted.org/packages/05/42/a0590a8ea42e83fb5c8d7a16ad9a968af0abe202b92cbda15e0918135219/django_ckeditor-6.5.1-py3-none-any.whl", hash = "sha256:1321f24df392f30698513930ce5c9f6d899f9bd0ef734c3b64fe936d809e11b3", size = 2433867, upload-time = "2022-09-07T08:44:38.814Z" },
]

[[package]]
name = "django-js-asset"
version = "2.0.0"
source = { registry = "https://pypi.org/simple" }
dependencies = [
    { name = "django" },
]
sdist = { url = "https://files.pythonhosted.org/packages/99/a7/06be13db4030fff013137f0ccd6a2f46babb623b536eec6068430e176fb1/django_js_asset-2.0.0.tar.gz", hash = "sha256:adc1ee1efa853fad42054b540c02205344bb406c9bddf87c9e5377a41b7db90f", size = 4592, upload-time = "2022-02-10T09:05:35.411Z" }
wheels = [
    { url = "https://files.pythonhosted.org/packages/89/dd/67936526e547dd14ca4e5d13ab1655bc4aefa410f092ad13de3a085a3d51/django_js_asset-2.0.0-py3-none-any.whl", hash = "sha256:86f9f300d682537ddaf0487dc2ab356581b8f50c069bdba91d334a46e449f923", size = 4941, upload-time = "2022-02-10T09:05:33.946Z" },
]

[[package]]
name = "django-tailwind"
version = "3.4.0"
source = { registry = "https://pypi.org/simple" }
dependencies = [
    { name = "django" },
    { name = "django-browser-reload" },
]
sdist = { url = "https://files.pythonhosted.org/packages/58/78/213fbf606177706f7bbc9e028f11129a0c775b2cb7900f253d890db5e2d9/django-tailwind-3.4.0.tar.gz", hash = "sha256:b0ea5f2e2e45b86f7165673291323e46200a91cfed99b80278272a49f034c7a4", size = 8948, upload-time = "2022-07-31T14:54:07.606Z" }
wheels = [
    { url = "https://files.pythonhosted.org/packages/37/65/5f7596e65183dd8064d04c97fe337289861187e166feb650fa6af8995b8e/django_tailwind-3.4.0-py3-none-any.whl", hash = "sha256:ce47a28b466e2e427534ee5a8c6f2ee7f7ffb6bce83b55b7ec22be994b293b65", size = 12311, upload-time = "2022-07-31T14:54:09.766Z" },
]

[[package]]
name = "django-tinymce"
version = "3.5.0"
source = { registry = "https://pypi.org/simple" }
sdist = { url = "https://files.pythonhosted.org/packages/da/b6/fa97e3ace31f9af8b050705610991744a53bf329804b2c6fd1180e75ab83/django-tinymce-3.5.0.tar.gz", hash = "sha256:ebe7e39e080415a0d4ca339f0f159754a7cc1dc7cd5276f32f9d3db3220134f8", size = 960577, upload-time = "2022-08-27T08:32:47.704Z" }
wheels = [
    { url = "https://files.pythonhosted.org/packages/39/46/6b795c0f5e32be47bf0ef8d34fadc03b2fe2dd3d9c94afd8ceb238d3b07b/django_tinymce-3.5.0-py3-none-any.whl", hash = "sha256:f9d3758670ad55912cbabdd41a14e0b6cfda47868f9c6d92a4480ca320356d53", size = 1125265, upload-time = "2022-08-27T08:31:52.867Z" },
]

[[package]]
name = "gunicorn"
version = "20.1.0"
source = { registry = "https://pypi.org/simple" }
dependencies = [
    { name = "setuptools" },
]
sdist = { url = "https://files.pythonhosted.org/packages/28/5b/0d1f0296485a6af03366604142ea8f19f0833894db3512a40ed07b2a56dd/gunicorn-20.1.0.tar.gz", hash = "sha256:e0a968b5ba15f8a328fdfd7ab1fcb5af4470c28aaf7e55df02a99bc13138e6e8", size = 370601, upload-time = "2021-03-27T01:54:37.202Z" }
wheels = [
    { url = "https://files.pythonhosted.org/packages/e4/dd/5b190393e6066286773a67dfcc2f9492058e9b57c4867a95f1ba5caf0a83/gunicorn-20.1.0-py3-none-any.whl", hash = "sha256:9dcc4547dbb1cb284accfb15ab5667a0e5d1881cc443e0677b4882a4067a807e", size = 79531, upload-time = "2021-04-27T12:16:23.375Z" },
]

[[package]]
name = "idna"
version = "3.4"
source = { registry = "https://pypi.org/simple" }
sdist = { url = "https://files.pythonhosted.org/packages/8b/e1/43beb3d38dba6cb420cefa297822eac205a277ab43e5ba5d5c46faf96438/idna-3.4.tar.gz", hash = "sha256:814f528e8dead7d329833b91c5faa87d60bf71824cd12a7530b5526063d02cb4", size = 183077, upload-time = "2022-09-14T00:24:27.719Z" }
wheels = [
    { url = "https://files.pythonhosted.org/packages/fc/34/3030de6f1370931b9dbb4dad48f6ab1015ab1d32447850b9fc94e60097be/idna-3.4-py3-none-any.whl", hash = "sha256:90b77e79eaa3eba6de819a0c442c0b4ceefc341a7a2ab77d7562bf49f425c5c2", size = 61538, upload-time = "2022-09-14T00:24:23.22Z" },
]

[[package]]
name = "jinja2"
version = "3.1.2"
source = { registry = "https://pypi.org/simple" }
dependencies = [
    { name = "markupsafe" },
]
sdist = { url = "https://files.pythonhosted.org/packages/7a/ff/75c28576a1d900e87eb6335b063fab47a8ef3c8b4d88524c4bf78f670cce/Jinja2-3.1.2.tar.gz", hash = "sha256:31351a702a408a9e7595a8fc6150fc3f43bb6bf7e319770cbc0db9df9437e852", size = 268239, upload-time = "2022-04-28T17:21:27.579Z" }
wheels = [
    { url = "https://files.pythonhosted.org/packages/bc/c3/f068337a370801f372f2f8f6bad74a5c140f6fda3d9de154052708dd3c65/Jinja2-3.1.2-py3-none-any.whl", hash = "sha256:6088930bfe239f0e6710546ab9c19c9ef35e29792895fed6e6e31a023a182a61", size = 133101, upload-time = "2022-04-28T17:21:25.336Z" },
]

[[package]]
name = "jinja2-time"
version = "0.2.0"
source = { registry = "https://pypi.org/simple" }
dependencies = [
    { name = "arrow" },
    { name = "jinja2" },
]
sdist = { url = "https://files.pythonhosted.org/packages/de/7c/ee2f2014a2a0616ad3328e58e7dac879251babdb4cb796d770b5d32c469f/jinja2-time-0.2.0.tar.gz", hash = "sha256:d14eaa4d315e7688daa4969f616f226614350c48730bfa1692d2caebd8c90d40", size = 5701, upload-time = "2016-06-08T23:36:52.454Z" }
wheels = [
    { url = "https://files.pythonhosted.org/packages/6a/a1/d44fa38306ffa34a7e1af09632b158e13ec89670ce491f8a15af3ebcb4e4/jinja2_time-0.2.0-py2.py3-none-any.whl", hash = "sha256:d3eab6605e3ec8b7a0863df09cc1d23714908fa61aa6986a845c20ba488b4efa", size = 6360, upload-time = "2016-06-08T23:36:48.197Z" },
]

[[package]]
name = "markupsafe"
version = "2.1.1"
source = { registry = "https://pypi.org/simple" }
sdist = { url = "https://files.pythonhosted.org/packages/1d/97/2288fe498044284f39ab8950703e88abbac2abbdf65524d576157af70556/MarkupSafe-2.1.1.tar.gz", hash = "sha256:7f91197cc9e48f989d12e4e6fbc46495c446636dfc81b9ccf50bb0ec74b91d4b", size = 18668, upload-time = "2022-03-15T13:23:27.278Z" }

[[package]]
name = "pillow"
version = "9.4.0"
source = { registry = "https://pypi.org/simple" }
sdist = { url = "https://files.pythonhosted.org/packages/bc/07/830784e061fb94d67649f3e438ff63cfb902dec6d48ac75aeaaac7c7c30e/Pillow-9.4.0.tar.gz", hash = "sha256:a1c2d7780448eb93fbcc3789bf3916aa5720d942e37945f4056680317f1cd23e", size = 50403076, upload-time = "2023-01-02T02:58:26.682Z" }

[[package]]
name = "psycopg2"
version = "2.9.5"
source = { registry = "https://pypi.org/simple" }
sdist = { url = "https://files.pythonhosted.org/packages/89/d6/cd8c46417e0f7a16b4b0fc321f4ab676a59250d08fce5b64921897fb07cc/psycopg2-2.9.5.tar.gz", hash = "sha256:a5246d2e683a972e2187a8714b5c2cf8156c064629f9a9b1a873c1730d9e245a", size = 384343, upload-time = "2022-10-25T12:34:08.874Z" }

[[package]]
name = "python-dateutil"
version = "2.8.2"
source = { registry = "https://pypi.org/simple" }
dependencies = [
    { name = "six" },
]
sdist = { url = "https://files.pythonhosted.org/packages/4c/c4/13b4776ea2d76c115c1d1b84579f3764ee6d57204f6be27119f13a61d0a9/python-dateutil-2.8.2.tar.gz", hash = "sha256:0123cacc1627ae19ddf3c27a5de5bd67ee4586fbdd6440d9748f8abb483d3e86", size = 357324, upload-time = "2021-07-14T08:19:19.783Z" }
wheels = [
    { url = "https://files.pythonhosted.org/packages/36/7a/87837f39d0296e723bb9b62bbb257d0355c7f6128853c78955f57342a56d/python_dateutil-2.8.2-py2.py3-none-any.whl", hash = "sha256:961d03dc3453ebbc59dbdea9e4e11c5651520a876d0f4db161e8674aae935da9", size = 247702, upload-time = "2021-07-14T08:19:18.161Z" },
]

[[package]]
name = "python-slugify"
version = "7.0.0"
source = { registry = "https://pypi.org/simple" }
dependencies = [
    { name = "text-unidecode" },
]
sdist = { url = "https://files.pythonhosted.org/packages/7c/d3/8e523f41fc3f8d3cc58d2284bb49c1961caefc1a434599ff410ddde38f82/python-slugify-7.0.0.tar.gz", hash = "sha256:7a0f21a39fa6c1c4bf2e5984c9b9ae944483fd10b54804cb0e23a3ccd4954f0b", size = 10294, upload-time = "2022-11-18T19:06:15.881Z" }
wheels = [
    { url = "https://files.pythonhosted.org/packages/63/65/d0d7c085964fdf0cb294299663b407c38e2c8e8dd13bafcf5681798c12db/python_slugify-7.0.0-py2.py3-none-any.whl", hash = "sha256:003aee64f9fd955d111549f96c4b58a3f40b9319383c70fad6277a4974bbf570", size = 9446, upload-time = "2022-11-18T19:06:14.672Z" },
]

[[package]]
name = "pyyaml"
version = "6.0.2"
source = { registry = "https://pypi.org/simple" }
sdist = { url = "https://files.pythonhosted.org/packages/54/ed/79a089b6be93607fa5cdaedf301d7dfb23af5f25c398d5ead2525b063e17/pyyaml-6.0.2.tar.gz", hash = "sha256:d584d9ec91ad65861cc08d42e834324ef890a082e591037abe114850ff7bbc3e", size = 130631, upload-time = "2024-08-06T20:33:50.674Z" }
wheels = [
    { url = "https://files.pythonhosted.org/packages/86/0c/c581167fc46d6d6d7ddcfb8c843a4de25bdd27e4466938109ca68492292c/PyYAML-6.0.2-cp312-cp312-macosx_10_9_x86_64.whl", hash = "sha256:c70c95198c015b85feafc136515252a261a84561b7b1d51e3384e0655ddf25ab", size = 183873, upload-time = "2024-08-06T20:32:25.131Z" },
    { url = "https://files.pythonhosted.org/packages/a8/0c/38374f5bb272c051e2a69281d71cba6fdb983413e6758b84482905e29a5d/PyYAML-6.0.2-cp312-cp312-macosx_11_0_arm64.whl", hash = "sha256:ce826d6ef20b1bc864f0a68340c8b3287705cae2f8b4b1d932177dcc76721725", size = 173302, upload-time = "2024-08-06T20:32:26.511Z" },
    { url = "https://files.pythonhosted.org/packages/c3/93/9916574aa8c00aa06bbac729972eb1071d002b8e158bd0e83a3b9a20a1f7/PyYAML-6.0.2-cp312-cp312-manylinux_2_17_aarch64.manylinux2014_aarch64.whl", hash = "sha256:1f71ea527786de97d1a0cc0eacd1defc0985dcf6b3f17bb77dcfc8c34bec4dc5", size = 739154, upload-time = "2024-08-06T20:32:28.363Z" },
    { url = "https://files.pythonhosted.org/packages/95/0f/b8938f1cbd09739c6da569d172531567dbcc9789e0029aa070856f123984/PyYAML-6.0.2-cp312-cp312-manylinux_2_17_s390x.manylinux2014_s390x.whl", hash = "sha256:9b22676e8097e9e22e36d6b7bda33190d0d400f345f23d4065d48f4ca7ae0425", size = 766223, upload-time = "2024-08-06T20:32:30.058Z" },
    { url = "https://files.pythonhosted.org/packages/b9/2b/614b4752f2e127db5cc206abc23a8c19678e92b23c3db30fc86ab731d3bd/PyYAML-6.0.2-cp312-cp312-manylinux_2_17_x86_64.manylinux2014_x86_64.whl", hash = "sha256:80bab7bfc629882493af4aa31a4cfa43a4c57c83813253626916b8c7ada83476", size = 767542, upload-time = "2024-08-06T20:32:31.881Z" },
    { url = "https://files.pythonhosted.org/packages/d4/00/dd137d5bcc7efea1836d6264f049359861cf548469d18da90cd8216cf05f/PyYAML-6.0.2-cp312-cp312-musllinux_1_1_aarch64.whl", hash = "sha256:0833f8694549e586547b576dcfaba4a6b55b9e96098b36cdc7ebefe667dfed48", size = 731164, upload-time = "2024-08-06T20:32:37.083Z" },
    { url = "https://files.pythonhosted.org/packages/c9/1f/4f998c900485e5c0ef43838363ba4a9723ac0ad73a9dc42068b12aaba4e4/PyYAML-6.0.2-cp312-cp312-musllinux_1_1_x86_64.whl", hash = "sha256:8b9c7197f7cb2738065c481a0461e50ad02f18c78cd75775628afb4d7137fb3b", size = 756611, upload-time = "2024-08-06T20:32:38.898Z" },
    { url = "https://files.pythonhosted.org/packages/df/d1/f5a275fdb252768b7a11ec63585bc38d0e87c9e05668a139fea92b80634c/PyYAML-6.0.2-cp312-cp312-win32.whl", hash = "sha256:ef6107725bd54b262d6dedcc2af448a266975032bc85ef0172c5f059da6325b4", size = 140591, upload-time = "2024-08-06T20:32:40.241Z" },
    { url = "https://files.pythonhosted.org/packages/0c/e8/4f648c598b17c3d06e8753d7d13d57542b30d56e6c2dedf9c331ae56312e/PyYAML-6.0.2-cp312-cp312-win_amd64.whl", hash = "sha256:7e7401d0de89a9a855c839bc697c079a4af81cf878373abd7dc625847d25cbd8", size = 156338, upload-time = "2024-08-06T20:32:41.93Z" },
    { url = "https://files.pythonhosted.org/packages/ef/e3/3af305b830494fa85d95f6d95ef7fa73f2ee1cc8ef5b495c7c3269fb835f/PyYAML-6.0.2-cp313-cp313-macosx_10_13_x86_64.whl", hash = "sha256:efdca5630322a10774e8e98e1af481aad470dd62c3170801852d752aa7a783ba", size = 181309, upload-time = "2024-08-06T20:32:43.4Z" },
    { url = "https://files.pythonhosted.org/packages/45/9f/3b1c20a0b7a3200524eb0076cc027a970d320bd3a6592873c85c92a08731/PyYAML-6.0.2-cp313-cp313-macosx_11_0_arm64.whl", hash = "sha256:50187695423ffe49e2deacb8cd10510bc361faac997de9efef88badc3bb9e2d1", size = 171679, upload-time = "2024-08-06T20:32:44.801Z" },
    { url = "https://files.pythonhosted.org/packages/7c/9a/337322f27005c33bcb656c655fa78325b730324c78620e8328ae28b64d0c/PyYAML-6.0.2-cp313-cp313-manylinux_2_17_aarch64.manylinux2014_aarch64.whl", hash = "sha256:0ffe8360bab4910ef1b9e87fb812d8bc0a308b0d0eef8c8f44e0254ab3b07133", size = 733428, upload-time = "2024-08-06T20:32:46.432Z" },
    { url = "https://files.pythonhosted.org/packages/a3/69/864fbe19e6c18ea3cc196cbe5d392175b4cf3d5d0ac1403ec3f2d237ebb5/PyYAML-6.0.2-cp313-cp313-manylinux_2_17_s390x.manylinux2014_s390x.whl", hash = "sha256:17e311b6c678207928d649faa7cb0d7b4c26a0ba73d41e99c4fff6b6c3276484", size = 763361, upload-time = "2024-08-06T20:32:51.188Z" },
    { url = "https://files.pythonhosted.org/packages/04/24/b7721e4845c2f162d26f50521b825fb061bc0a5afcf9a386840f23ea19fa/PyYAML-6.0.2-cp313-cp313-manylinux_2_17_x86_64.manylinux2014_x86_64.whl", hash = "sha256:70b189594dbe54f75ab3a1acec5f1e3faa7e8cf2f1e08d9b561cb41b845f69d5", size = 759523, upload-time = "2024-08-06T20:32:53.019Z" },
    { url = "https://files.pythonhosted.org/packages/2b/b2/e3234f59ba06559c6ff63c4e10baea10e5e7df868092bf9ab40e5b9c56b6/PyYAML-6.0.2-cp313-cp313-musllinux_1_1_aarch64.whl", hash = "sha256:41e4e3953a79407c794916fa277a82531dd93aad34e29c2a514c2c0c5fe971cc", size = 726660, upload-time = "2024-08-06T20:32:54.708Z" },
    { url = "https://files.pythonhosted.org/packages/fe/0f/25911a9f080464c59fab9027482f822b86bf0608957a5fcc6eaac85aa515/PyYAML-6.0.2-cp313-cp313-musllinux_1_1_x86_64.whl", hash = "sha256:68ccc6023a3400877818152ad9a1033e3db8625d899c72eacb5a668902e4d652", size = 751597, upload-time = "2024-08-06T20:32:56.985Z" },
    { url = "https://files.pythonhosted.org/packages/14/0d/e2c3b43bbce3cf6bd97c840b46088a3031085179e596d4929729d8d68270/PyYAML-6.0.2-cp313-cp313-win32.whl", hash = "sha256:bc2fa7c6b47d6bc618dd7fb02ef6fdedb1090ec036abab80d4681424b84c1183", size = 140527, upload-time = "2024-08-06T20:33:03.001Z" },
    { url = "https://files.pythonhosted.org/packages/fa/de/02b54f42487e3d3c6efb3f89428677074ca7bf43aae402517bc7cca949f3/PyYAML-6.0.2-cp313-cp313-win_amd64.whl", hash = "sha256:8388ee1976c416731879ac16da0aff3f63b286ffdd57cdeb95f3f2e085687563", size = 156446, upload-time = "2024-08-06T20:33:04.33Z" },
]

[[package]]
name = "requests"
version = "2.28.2"
source = { registry = "https://pypi.org/simple" }
dependencies = [
    { name = "certifi" },
    { name = "charset-normalizer" },
    { name = "idna" },
    { name = "urllib3" },
]
sdist = { url = "https://files.pythonhosted.org/packages/9d/ee/391076f5937f0a8cdf5e53b701ffc91753e87b07d66bae4a09aa671897bf/requests-2.28.2.tar.gz", hash = "sha256:98b1b2782e3c6c4904938b84c0eb932721069dfdb9134313beff7c83c2df24bf", size = 108206, upload-time = "2023-01-12T16:24:54.687Z" }
wheels = [
    { url = "https://files.pythonhosted.org/packages/d2/f4/274d1dbe96b41cf4e0efb70cbced278ffd61b5c7bb70338b62af94ccb25b/requests-2.28.2-py3-none-any.whl", hash = "sha256:64299f4909223da747622c030b781c0d7811e359c37124b4bd368fb8c6518baa", size = 62822, upload-time = "2023-01-12T16:24:52.241Z" },
]

[[package]]
name = "setuptools"
version = "80.4.0"
source = { registry = "https://pypi.org/simple" }
sdist = { url = "https://files.pythonhosted.org/packages/95/32/0cc40fe41fd2adb80a2f388987f4f8db3c866c69e33e0b4c8b093fdf700e/setuptools-80.4.0.tar.gz", hash = "sha256:5a78f61820bc088c8e4add52932ae6b8cf423da2aff268c23f813cfbb13b4006", size = 1315008, upload-time = "2025-05-09T20:42:27.972Z" }
wheels = [
    { url = "https://files.pythonhosted.org/packages/b1/93/dba5ed08c2e31ec7cdc2ce75705a484ef0be1a2fecac8a58272489349de8/setuptools-80.4.0-py3-none-any.whl", hash = "sha256:6cdc8cb9a7d590b237dbe4493614a9b75d0559b888047c1f67d49ba50fc3edb2", size = 1200812, upload-time = "2025-05-09T20:42:25.325Z" },
]

[[package]]
name = "six"
version = "1.16.0"
source = { registry = "https://pypi.org/simple" }
sdist = { url = "https://files.pythonhosted.org/packages/71/39/171f1c67cd00715f190ba0b100d606d440a28c93c7714febeca8b79af85e/six-1.16.0.tar.gz", hash = "sha256:1e61c37477a1626458e36f7b1d82aa5c9b094fa4802892072e49de9c60c4c926", size = 34041, upload-time = "2021-05-05T14:18:18.379Z" }
wheels = [
    { url = "https://files.pythonhosted.org/packages/d9/5a/e7c31adbe875f2abbb91bd84cf2dc52d792b5a01506781dbcf25c91daf11/six-1.16.0-py2.py3-none-any.whl", hash = "sha256:8abb2f1d86890a2dfb989f9a77cfcfd3e47c2a354b01111771326f8aa26e0254", size = 11053, upload-time = "2021-05-05T14:18:17.237Z" },
]

[[package]]
name = "sqlparse"
version = "0.4.3"
source = { registry = "https://pypi.org/simple" }
sdist = { url = "https://files.pythonhosted.org/packages/ba/fa/5b7662b04b69f3a34b8867877e4dbf2a37b7f2a5c0bbb5a9eed64efd1ad1/sqlparse-0.4.3.tar.gz", hash = "sha256:69ca804846bb114d2ec380e4360a8a340db83f0ccf3afceeb1404df028f57268", size = 70771, upload-time = "2022-09-23T18:41:23.241Z" }
wheels = [
    { url = "https://files.pythonhosted.org/packages/97/d3/31dd2c3e48fc2060819f4acb0686248250a0f2326356306b38a42e059144/sqlparse-0.4.3-py3-none-any.whl", hash = "sha256:0323c0ec29cd52bceabc1b4d9d579e311f3e4961b98d174201d5622a23b85e34", size = 42768, upload-time = "2022-09-23T18:41:20.351Z" },
]

[[package]]
name = "text-unidecode"
version = "1.3"
source = { registry = "https://pypi.org/simple" }
sdist = { url = "https://files.pythonhosted.org/packages/ab/e2/e9a00f0ccb71718418230718b3d900e71a5d16e701a3dae079a21e9cd8f8/text-unidecode-1.3.tar.gz", hash = "sha256:bad6603bb14d279193107714b288be206cac565dfa49aa5b105294dd5c4aab93", size = 76885, upload-time = "2019-08-30T21:36:45.405Z" }
wheels = [
    { url = "https://files.pythonhosted.org/packages/a6/a5/c0b6468d3824fe3fde30dbb5e1f687b291608f9473681bbf7dabbf5a87d7/text_unidecode-1.3-py2.py3-none-any.whl", hash = "sha256:1311f10e8b895935241623731c2ba64f4c455287888b18189350b67134a822e8", size = 78154, upload-time = "2019-08-30T21:37:03.543Z" },
]

[[package]]
name = "tzdata"
version = "2022.7"
source = { registry = "https://pypi.org/simple" }
sdist = { url = "https://files.pythonhosted.org/packages/5b/30/b7abfb11be6642d26de1c1840d25e8d90333513350ad0ebc03101d55e13b/tzdata-2022.7.tar.gz", hash = "sha256:fe5f866eddd8b96e9fcba978f8e503c909b19ea7efda11e52e39494bad3a7bfa", size = 185615, upload-time = "2022-11-30T19:31:43.827Z" }
wheels = [
    { url = "https://files.pythonhosted.org/packages/fa/5e/f99a7df3ae2079211d31ec23b1d34380c7870c26e99159f6e422dcbab538/tzdata-2022.7-py2.py3-none-any.whl", hash = "sha256:2b88858b0e3120792a3c0635c23daf36a7d7eeeca657c323da299d2094402a0d", size = 340147, upload-time = "2022-11-30T19:31:42.467Z" },
]

[[package]]
name = "urllib3"
version = "1.26.14"
source = { registry = "https://pypi.org/simple" }
sdist = { url = "https://files.pythonhosted.org/packages/c5/52/fe421fb7364aa738b3506a2d99e4f3a56e079c0a798e9f4fa5e14c60922f/urllib3-1.26.14.tar.gz", hash = "sha256:076907bf8fd355cde77728471316625a4d2f7e713c125f51953bb5b3eecf4f72", size = 300665, upload-time = "2023-01-11T13:04:59.366Z" }
wheels = [
    { url = "https://files.pythonhosted.org/packages/fe/ca/466766e20b767ddb9b951202542310cba37ea5f2d792dae7589f1741af58/urllib3-1.26.14-py2.py3-none-any.whl", hash = "sha256:75edcdc2f7d85b137124a6c3c9fc3933cdeaa12ecb9a6a959f22797a0feca7e1", size = 140642, upload-time = "2023-01-11T13:04:57.17Z" },
]

[[package]]
name = "wheel"
version = "0.45.1"
source = { registry = "https://pypi.org/simple" }
sdist = { url = "https://files.pythonhosted.org/packages/8a/98/2d9906746cdc6a6ef809ae6338005b3f21bb568bea3165cfc6a243fdc25c/wheel-0.45.1.tar.gz", hash = "sha256:661e1abd9198507b1409a20c02106d9670b2576e916d58f520316666abca6729", size = 107545, upload-time = "2024-11-23T00:18:23.513Z" }
wheels = [
    { url = "https://files.pythonhosted.org/packages/0b/2c/87f3254fd8ffd29e4c02732eee68a83a1d3c346ae39bc6822dcbcb697f2b/wheel-0.45.1-py3-none-any.whl", hash = "sha256:708e7481cc80179af0e556bbf0cc00b8444c7321e2700b8d8580231d13017248", size = 72494, upload-time = "2024-11-23T00:18:21.207Z" },
]

[[package]]
name = "whitenoise"
version = "6.3.0"
source = { registry = "https://pypi.org/simple" }
sdist = { url = "https://files.pythonhosted.org/packages/eb/84/c05ab17d96e2546c120a9271d7f696b6e355397176482b07ae62153bd555/whitenoise-6.3.0.tar.gz", hash = "sha256:fe0af31504ab08faa1ec7fc02845432096e40cc1b27e6a7747263d7b30fb51fa", size = 18566, upload-time = "2023-01-03T10:31:35.005Z" }
wheels = [
    { url = "https://files.pythonhosted.org/packages/2a/fd/90d04468b1b05445a2f0686bd6d30bf9b5512d85026d88f3679b7f417b49/whitenoise-6.3.0-py3-none-any.whl", hash = "sha256:cf8ecf56d86ba1c734fdb5ef6127312e39e92ad5947fef9033dc9e43ba2777d9", size = 19997, upload-time = "2023-01-03T10:31:33.56Z" },
]
